
Microsoft Visual Studio Solution File, Format Version 12.00
# Visual Studio 2013
VisualStudioVersion = 12.0.21005.1
MinimumVisualStudioVersion = 10.0.40219.1
Project("{FAE04EC0-301F-11D3-BF4B-00C04F79EFBC}") = "Selenium1", "G:\Projects\Projs\Selenium1\Selenium1\Selenium1.csproj", "{CD4D72E1-6849-4972-8207-A5EB290B2A13}"
EndProject
Project("{2150E333-8FDC-42A3-9474-1A3956D46DE8}") = ".nuget", ".nuget", "{D534F4E3-8712-4E6C-82E7-FBF1AEFB5172}"
	ProjectSection(SolutionItems) = preProject
		G:\Projects\Projs\Selenium1\.nuget\packages.config = G:\Projects\Projs\Selenium1\.nuget\packages.config
	EndProjectSection
EndProject
Global
	GlobalSection(SolutionConfigurationPlatforms) = preSolution
		Debug|Any CPU = Debug|Any CPU
		Release|Any CPU = Release|Any CPU
	EndGlobalSection
	GlobalSection(ProjectConfigurationPlatforms) = postSolution
		{CD4D72E1-6849-4972-8207-A5EB290B2A13}.Debug|Any CPU.ActiveCfg = Debug|Any CPU
		{CD4D72E1-6849-4972-8207-A5EB290B2A13}.Debug|Any CPU.Build.0 = Debug|Any CPU
		{CD4D72E1-6849-4972-8207-A5EB290B2A13}.Release|Any CPU.ActiveCfg = Release|Any CPU
		{CD4D72E1-6849-4972-8207-A5EB290B2A13}.Release|Any CPU.Build.0 = Release|Any CPU
	EndGlobalSection
	GlobalSection(SolutionProperties) = preSolution
		HideSolutionNode = FALSE
	EndGlobalSection
EndGlobal
